{
    "easycorp/easy-log-handler": {
        "version": "1.0",
        "recipe": {
            "repo": "github.com/symfony/recipes",
            "branch": "master",
            "version": "1.0",
            "ref": "70062abc2cd58794d2a90274502f81b55cd9951b"
        }
    },
    "symfony/debug-bundle": {
        "version": "3.3",
        "recipe": {
            "repo": "github.com/symfony/recipes",
            "branch": "master",
            "version": "3.3",
            "ref": "71d29aaf710fd59cd3abff2b1ade907ed73103c6"
        }
    },
    "symfony/debug-pack": {
        "version": "v1.0.4"
    },
    "symfony/flex": {
        "version": "1.0",
        "recipe": {
            "repo": "github.com/symfony/recipes",
            "branch": "master",
            "version": "1.0",
            "ref": "cc1afd81841db36fbef982fe56b48ade6716fac4"
        }
    },
    "symfony/polyfill-php72": {
        "version": "v1.7.0"
    },
    "symfony/profiler-pack": {
        "version": "v1.0.3"
    },
    "symfony/stopwatch": {
        "version": "v4.0.4"
    },
    "symfony/var-dumper": {
        "version": "v4.0.4"
    },
    "symfony/web-profiler-bundle": {
        "version": "3.3",
        "recipe": {
            "repo": "github.com/symfony/recipes",
            "branch": "master",
            "version": "3.3",
            "ref": "6bdfa1a95f6b2e677ab985cd1af2eae35d62e0f6"
        }
    },
    "symfony/web-server-bundle": {
        "version": "3.3",
        "recipe": {
            "repo": "github.com/symfony/recipes",
            "branch": "master",
            "version": "3.3",
            "ref": "c72d107d077f1654428edaed69415d0228c1aefe"
        }
    }
}
